// !$*UTF8*$!
{
	archiveVersion = 1;
	classes = {
	};
	objectVersion = 56;
	objects = {

/* Begin PBXBuildFile section */
		D71A8D2D2A1FDCDC001F885E /* AddTransactionForm.swift in Sources */ = {isa = PBXBuildFile; fileRef = D71A8D2C2A1FDCDC001F885E /* AddTransactionForm.swift */; };
		D77EF09B2A02812F0081526F /* AddCardForm.swift in Sources */ = {isa = PBXBuildFile; fileRef = D77EF09A2A02812F0081526F /* AddCardForm.swift */; };
		D7EB33052A01A58000D842B3 /* BudgetBuddyApp.swift in Sources */ = {isa = PBXBuildFile; fileRef = D7EB33042A01A58000D842B3 /* BudgetBuddyApp.swift */; };
		D7EB33092A01A58100D842B3 /* Assets.xcassets in Resources */ = {isa = PBXBuildFile; fileRef = D7EB33082A01A58100D842B3 /* Assets.xcassets */; };
		D7EB330C2A01A58100D842B3 /* Preview Assets.xcassets in Resources */ = {isa = PBXBuildFile; fileRef = D7EB330B2A01A58100D842B3 /* Preview Assets.xcassets */; };
		D7EB330E2A01A58100D842B3 /* Persistence.swift in Sources */ = {isa = PBXBuildFile; fileRef = D7EB330D2A01A58100D842B3 /* Persistence.swift */; };
		D7EB33112A01A58100D842B3 /* BudgetBuddy.xcdatamodeld in Sources */ = {isa = PBXBuildFile; fileRef = D7EB330F2A01A58100D842B3 /* BudgetBuddy.xcdatamodeld */; };
		D7EB33192A01A64500D842B3 /* MainView.swift in Sources */ = {isa = PBXBuildFile; fileRef = D7EB33182A01A64500D842B3 /* MainView.swift */; };
/* End PBXBuildFile section */

/* Begin PBXFileReference section */
		D71A8D2C2A1FDCDC001F885E /* AddTransactionForm.swift */ = {isa = PBXFileReference; lastKnownFileType = sourcecode.swift; path = AddTransactionForm.swift; sourceTree = "<group>"; };
		D77EF09A2A02812F0081526F /* AddCardForm.swift */ = {isa = PBXFileReference; lastKnownFileType = sourcecode.swift; path = AddCardForm.swift; sourceTree = "<group>"; };
		D7EB33012A01A58000D842B3 /* BudgetBuddy.app */ = {isa = PBXFileReference; explicitFileType = wrapper.application; includeInIndex = 0; path = BudgetBuddy.app; sourceTree = BUILT_PRODUCTS_DIR; };
		D7EB33042A01A58000D842B3 /* BudgetBuddyApp.swift */ = {isa = PBXFileReference; lastKnownFileType = sourcecode.swift; path = BudgetBuddyApp.swift; sourceTree = "<group>"; };
		D7EB33082A01A58100D842B3 /* Assets.xcassets */ = {isa = PBXFileReference; lastKnownFileType = folder.assetcatalog; path = Assets.xcassets; sourceTree = "<group>"; };
		D7EB330B2A01A58100D842B3 /* Preview Assets.xcassets */ = {isa = PBXFileReference; lastKnownFileType = folder.assetcatalog; path = "Preview Assets.xcassets"; sourceTree = "<group>"; };
		D7EB330D2A01A58100D842B3 /* Persistence.swift */ = {isa = PBXFileReference; lastKnownFileType = sourcecode.swift; path = Persistence.swift; sourceTree = "<group>"; };
		D7EB33102A01A58100D842B3 /* BudgetBuddy.xcdatamodel */ = {isa = PBXFileReference; lastKnownFileType = wrapper.xcdatamodel; path = BudgetBuddy.xcdatamodel; sourceTree = "<group>"; };
		D7EB33182A01A64500D842B3 /* MainView.swift */ = {isa = PBXFileReference; lastKnownFileType = sourcecode.swift; path = MainView.swift; sourceTree = "<group>"; };
/* End PBXFileReference section */

/* Begin PBXFrameworksBuildPhase section */
		D7EB32FE2A01A58000D842B3 /* Frameworks */ = {
			isa = PBXFrameworksBuildPhase;
			buildActionMask = 2147483647;
			files = (
			);
			runOnlyForDeploymentPostprocessing = 0;
		};
/* End PBXFrameworksBuildPhase section */

/* Begin PBXGroup section */
		D71A8D2B2A1FDBC7001F885E /* Transaction */ = {
			isa = PBXGroup;
			children = (
				D71A8D2C2A1FDCDC001F885E /* AddTransactionForm.swift */,
			);
			path = Transaction;
			sourceTree = "<group>";
		};
		D77EF0992A0281150081526F /* AddCard */ = {
			isa = PBXGroup;
			children = (
				D77EF09A2A02812F0081526F /* AddCardForm.swift */,
			);
			path = AddCard;
			sourceTree = "<group>";
		};
		D7EB32F82A01A58000D842B3 = {
			isa = PBXGroup;
			children = (
				D7EB33032A01A58000D842B3 /* BudgetBuddy */,
				D7EB33022A01A58000D842B3 /* Products */,
			);
			sourceTree = "<group>";
		};
		D7EB33022A01A58000D842B3 /* Products */ = {
			isa = PBXGroup;
			children = (
				D7EB33012A01A58000D842B3 /* BudgetBuddy.app */,
			);
			name = Products;
			sourceTree = "<group>";
		};
		D7EB33032A01A58000D842B3 /* BudgetBuddy */ = {
			isa = PBXGroup;
			children = (
				D7EB33172A01A61B00D842B3 /* Main */,
				D7EB33042A01A58000D842B3 /* BudgetBuddyApp.swift */,
				D7EB33082A01A58100D842B3 /* Assets.xcassets */,
				D7EB330D2A01A58100D842B3 /* Persistence.swift */,
				D7EB330F2A01A58100D842B3 /* BudgetBuddy.xcdatamodeld */,
				D7EB330A2A01A58100D842B3 /* Preview Content */,
			);
			path = BudgetBuddy;
			sourceTree = "<group>";
		};
		D7EB330A2A01A58100D842B3 /* Preview Content */ = {
			isa = PBXGroup;
			children = (
				D7EB330B2A01A58100D842B3 /* Preview Assets.xcassets */,
			);
			path = "Preview Content";
			sourceTree = "<group>";
		};
		D7EB33172A01A61B00D842B3 /* Main */ = {
			isa = PBXGroup;
			children = (
				D71A8D2B2A1FDBC7001F885E /* Transaction */,
				D77EF0992A0281150081526F /* AddCard */,
				D7EB33182A01A64500D842B3 /* MainView.swift */,
			);
			path = Main;
			sourceTree = "<group>";
		};
/* End PBXGroup section */

/* Begin PBXNativeTarget section */
		D7EB33002A01A58000D842B3 /* BudgetBuddy */ = {
			isa = PBXNativeTarget;
			buildConfigurationList = D7EB33142A01A58100D842B3 /* Build configuration list for PBXNativeTarget "BudgetBuddy" */;
			buildPhases = (
				D7EB32FD2A01A58000D842B3 /* Sources */,
				D7EB32FE2A01A58000D842B3 /* Frameworks */,
				D7EB32FF2A01A58000D842B3 /* Resources */,
			);
			buildRules = (
			);
			dependencies = (
			);
			name = BudgetBuddy;
			productName = BudgetBuddy;
			productReference = D7EB33012A01A58000D842B3 /* BudgetBuddy.app */;
			productType = "com.apple.product-type.application";
		};
/* End PBXNativeTarget section */

/* Begin PBXProject section */
		D7EB32F92A01A58000D842B3 /* Project object */ = {
			isa = PBXProject;
			attributes = {
				BuildIndependentTargetsInParallel = 1;
				LastSwiftUpdateCheck = 1420;
				LastUpgradeCheck = 1420;
				TargetAttributes = {
					D7EB33002A01A58000D842B3 = {
						CreatedOnToolsVersion = 14.2;
					};
				};
			};
			buildConfigurationList = D7EB32FC2A01A58000D842B3 /* Build configuration list for PBXProject "BudgetBuddy" */;
			compatibilityVersion = "Xcode 14.0";
			developmentRegion = en;
			hasScannedForEncodings = 0;
			knownRegions = (
				en,
				Base,
			);
			mainGroup = D7EB32F82A01A58000D842B3;
			productRefGroup = D7EB33022A01A58000D842B3 /* Products */;
			projectDirPath = "";
			projectRoot = "";
			targets = (
				D7EB33002A01A58000D842B3 /* BudgetBuddy */,
			);
		};
/* End PBXProject section */

/* Begin PBXResourcesBuildPhase section */
		D7EB32FF2A01A58000D842B3 /* Resources */ = {
			isa = PBXResourcesBuildPhase;
			buildActionMask = 2147483647;
			files = (
				D7EB330C2A01A58100D842B3 /* Preview Assets.xcassets in Resources */,
				D7EB33092A01A58100D842B3 /* Assets.xcassets in Resources */,
			);
			runOnlyForDeploymentPostprocessing = 0;
		};
/* End PBXResourcesBuildPhase section */

/* Begin PBXSourcesBuildPhase section */
		D7EB32FD2A01A58000D842B3 /* Sources */ = {
			isa = PBXSourcesBuildPhase;
			buildActionMask = 2147483647;
			files = (
				D7EB330E2A01A58100D842B3 /* Persistence.swift in Sources */,
				D77EF09B2A02812F0081526F /* AddCardForm.swift in Sources */,
				D7EB33052A01A58000D842B3 /* BudgetBuddyApp.swift in Sources */,
				D7EB33192A01A64500D842B3 /* MainView.swift in Sources */,
				D71A8D2D2A1FDCDC001F885E /* AddTransactionForm.swift in Sources */,
				D7EB33112A01A58100D842B3 /* BudgetBuddy.xcdatamodeld in Sources */,
			);
			runOnlyForDeploymentPostprocessing = 0;
		};
/* End PBXSourcesBuildPhase section */

/* Begin XCBuildConfiguration section */
		D7EB33122A01A58100D842B3 /* Debug */ = {
			isa = XCBuildConfiguration;
			buildSettings = {
				ALWAYS_SEARCH_USER_PATHS = NO;
				CLANG_ANALYZER_NONNULL = YES;
				CLANG_ANALYZER_NUMBER_OBJECT_CONVERSION = YES_AGGRESSIVE;
				CLANG_CXX_LANGUAGE_STANDARD = "gnu++20";
				CLANG_ENABLE_MODULES = YES;
				CLANG_ENABLE_OBJC_ARC = YES;
				CLANG_ENABLE_OBJC_WEAK = YES;
				CLANG_WARN_BLOCK_CAPTURE_AUTORELEASING = YES;
				CLANG_WARN_BOOL_CONVERSION = YES;
				CLANG_WARN_COMMA = YES;
				CLANG_WARN_CONSTANT_CONVERSION = YES;
				CLANG_WARN_DEPRECATED_OBJC_IMPLEMENTATIONS = YES;
				CLANG_WARN_DIRECT_OBJC_ISA_USAGE = YES_ERROR;
				CLANG_WARN_DOCUMENTATION_COMMENTS = YES;
				CLANG_WARN_EMPTY_BODY = YES;
				CLANG_WARN_ENUM_CONVERSION = YES;
				CLANG_WARN_INFINITE_RECURSION = YES;
				CLANG_WARN_INT_CONVERSION = YES;
				CLANG_WARN_NON_LITERAL_NULL_CONVERSION = YES;
				CLANG_WARN_OBJC_IMPLICIT_RETAIN_SELF = YES;
				CLANG_WARN_OBJC_LITERAL_CONVERSION = YES;
				CLANG_WARN_OBJC_ROOT_CLASS = YES_ERROR;
				CLANG_WARN_QUOTED_INCLUDE_IN_FRAMEWORK_HEADER = YES;
				CLANG_WARN_RANGE_LOOP_ANALYSIS = YES;
				CLANG_WARN_STRICT_PROTOTYPES = YES;
				CLANG_WARN_SUSPICIOUS_MOVE = YES;
				CLANG_WARN_UNGUARDED_AVAILABILITY = YES_AGGRESSIVE;
				CLANG_WARN_UNREACHABLE_CODE = YES;
				CLANG_WARN__DUPLICATE_METHOD_MATCH = YES;
				COPY_PHASE_STRIP = NO;
				DEBUG_INFORMATION_FORMAT = dwarf;
				ENABLE_STRICT_OBJC_MSGSEND = YES;
				ENABLE_TESTABILITY = YES;
				GCC_C_LANGUAGE_STANDARD = gnu11;
				GCC_DYNAMIC_NO_PIC = NO;
				GCC_NO_COMMON_BLOCKS = YES;
				GCC_OPTIMIZATION_LEVEL = 0;
				GCC_PREPROCESSOR_DEFINITIONS = (
					"DEBUG=1",
					"$(inherited)",
				);
				GCC_WARN_64_TO_32_BIT_CONVERSION = YES;
				GCC_WARN_ABOUT_RETURN_TYPE = YES_ERROR;
				GCC_WARN_UNDECLARED_SELECTOR = YES;
				GCC_WARN_UNINITIALIZED_AUTOS = YES_AGGRESSIVE;
				GCC_WARN_UNUSED_FUNCTION = YES;
				GCC_WARN_UNUSED_VARIABLE = YES;
				IPHONEOS_DEPLOYMENT_TARGET = 16.2;
				MTL_ENABLE_DEBUG_INFO = INCLUDE_SOURCE;
				MTL_FAST_MATH = YES;
				ONLY_ACTIVE_ARCH = YES;
				SDKROOT = iphoneos;
				SWIFT_ACTIVE_COMPILATION_CONDITIONS = DEBUG;
				SWIFT_OPTIMIZATION_LEVEL = "-Onone";
			};
			name = Debug;
		};
		D7EB33132A01A58100D842B3 /* Release */ = {
			isa = XCBuildConfiguration;
			buildSettings = {
				ALWAYS_SEARCH_USER_PATHS = NO;
				CLANG_ANALYZER_NONNULL = YES;
				CLANG_ANALYZER_NUMBER_OBJECT_CONVERSION = YES_AGGRESSIVE;
				CLANG_CXX_LANGUAGE_STANDARD = "gnu++20";
				CLANG_ENABLE_MODULES = YES;
				CLANG_ENABLE_OBJC_ARC = YES;
				CLANG_ENABLE_OBJC_WEAK = YES;
				CLANG_WARN_BLOCK_CAPTURE_AUTORELEASING = YES;
				CLANG_WARN_BOOL_CONVERSION = YES;
				CLANG_WARN_COMMA = YES;
				CLANG_WARN_CONSTANT_CONVERSION = YES;
				CLANG_WARN_DEPRECATED_OBJC_IMPLEMENTATIONS = YES;
				CLANG_WARN_DIRECT_OBJC_ISA_USAGE = YES_ERROR;
				CLANG_WARN_DOCUMENTATION_COMMENTS = YES;
				CLANG_WARN_EMPTY_BODY = YES;
				CLANG_WARN_ENUM_CONVERSION = YES;
				CLANG_WARN_INFINITE_RECURSION = YES;
				CLANG_WARN_INT_CONVERSION = YES;
				CLANG_WARN_NON_LITERAL_NULL_CONVERSION = YES;
				CLANG_WARN_OBJC_IMPLICIT_RETAIN_SELF = YES;
				CLANG_WARN_OBJC_LITERAL_CONVERSION = YES;
				CLANG_WARN_OBJC_ROOT_CLASS = YES_ERROR;
				CLANG_WARN_QUOTED_INCLUDE_IN_FRAMEWORK_HEADER = YES;
				CLANG_WARN_RANGE_LOOP_ANALYSIS = YES;
				CLANG_WARN_STRICT_PROTOTYPES = YES;
				CLANG_WARN_SUSPICIOUS_MOVE = YES;
				CLANG_WARN_UNGUARDED_AVAILABILITY = YES_AGGRESSIVE;
				CLANG_WARN_UNREACHABLE_CODE = YES;
				CLANG_WARN__DUPLICATE_METHOD_MATCH = YES;
				COPY_PHASE_STRIP = NO;
				DEBUG_INFORMATION_FORMAT = "dwarf-with-dsym";
				ENABLE_NS_ASSERTIONS = NO;
				ENABLE_STRICT_OBJC_MSGSEND = YES;
				GCC_C_LANGUAGE_STANDARD = gnu11;
				GCC_NO_COMMON_BLOCKS = YES;
				GCC_WARN_64_TO_32_BIT_CONVERSION = YES;
				GCC_WARN_ABOUT_RETURN_TYPE = YES_ERROR;
				GCC_WARN_UNDECLARED_SELECTOR = YES;
				GCC_WARN_UNINITIALIZED_AUTOS = YES_AGGRESSIVE;
				GCC_WARN_UNUSED_FUNCTION = YES;
				GCC_WARN_UNUSED_VARIABLE = YES;
				IPHONEOS_DEPLOYMENT_TARGET = 16.2;
				MTL_ENABLE_DEBUG_INFO = NO;
				MTL_FAST_MATH = YES;
				SDKROOT = iphoneos;
				SWIFT_COMPILATION_MODE = wholemodule;
				SWIFT_OPTIMIZATION_LEVEL = "-O";
				VALIDATE_PRODUCT = YES;
			};
			name = Release;
		};
		D7EB33152A01A58100D842B3 /* Debug */ = {
			isa = XCBuildConfiguration;
			buildSettings = {
				ASSETCATALOG_COMPILER_APPICON_NAME = AppIcon;
				ASSETCATALOG_COMPILER_GLOBAL_ACCENT_COLOR_NAME = AccentColor;
				CODE_SIGN_STYLE = Automatic;
				CURRENT_PROJECT_VERSION = 1;
				DEVELOPMENT_ASSET_PATHS = "\"BudgetBuddy/Preview Content\"";
				ENABLE_PREVIEWS = YES;
				GENERATE_INFOPLIST_FILE = YES;
				INFOPLIST_KEY_UIApplicationSceneManifest_Generation = YES;
				INFOPLIST_KEY_UIApplicationSupportsIndirectInputEvents = YES;
				INFOPLIST_KEY_UILaunchScreen_Generation = YES;
				INFOPLIST_KEY_UISupportedInterfaceOrientations_iPad = "UIInterfaceOrientationPortrait UIInterfaceOrientationPortraitUpsideDown UIInterfaceOrientationLandscapeLeft UIInterfaceOrientationLandscapeRight";
				INFOPLIST_KEY_UISupportedInterfaceOrientations_iPhone = "UIInterfaceOrientationPortrait UIInterfaceOrientationLandscapeLeft UIInterfaceOrientationLandscapeRight";
				LD_RUNPATH_SEARCH_PATHS = (
					"$(inherited)",
					"@executable_path/Frameworks",
				);
				MARKETING_VERSION = 1.0;
				PRODUCT_BUNDLE_IDENTIFIER = com.yadekanbir.BudgetBuddy;
				PRODUCT_NAME = "$(TARGET_NAME)";
				SWIFT_EMIT_LOC_STRINGS = YES;
				SWIFT_VERSION = 5.0;
				TARGETED_DEVICE_FAMILY = "1,2";
			};
			name = Debug;
		};
		D7EB33162A01A58100D842B3 /* Release */ = {
			isa = XCBuildConfiguration;
			buildSettings = {
				ASSETCATALOG_COMPILER_APPICON_NAME = AppIcon;
				ASSETCATALOG_COMPILER_GLOBAL_ACCENT_COLOR_NAME = AccentColor;
				CODE_SIGN_STYLE = Automatic;
				CURRENT_PROJECT_VERSION = 1;
				DEVELOPMENT_ASSET_PATHS = "\"BudgetBuddy/Preview Content\"";
				ENABLE_PREVIEWS = YES;
				GENERATE_INFOPLIST_FILE = YES;
				INFOPLIST_KEY_UIApplicationSceneManifest_Generation = YES;
				INFOPLIST_KEY_UIApplicationSupportsIndirectInputEvents = YES;
				INFOPLIST_KEY_UILaunchScreen_Generation = YES;
				INFOPLIST_KEY_UISupportedInterfaceOrientations_iPad = "UIInterfaceOrientationPortrait UIInterfaceOrientationPortraitUpsideDown UIInterfaceOrientationLandscapeLeft UIInterfaceOrientationLandscapeRight";
				INFOPLIST_KEY_UISupportedInterfaceOrientations_iPhone = "UIInterfaceOrientationPortrait UIInterfaceOrientationLandscapeLeft UIInterfaceOrientationLandscapeRight";
				LD_RUNPATH_SEARCH_PATHS = (
					"$(inherited)",
					"@executable_path/Frameworks",
				);
				MARKETING_VERSION = 1.0;
				PRODUCT_BUNDLE_IDENTIFIER = com.yadekanbir.BudgetBuddy;
				PRODUCT_NAME = "$(TARGET_NAME)";
				SWIFT_EMIT_LOC_STRINGS = YES;
				SWIFT_VERSION = 5.0;
				TARGETED_DEVICE_FAMILY = "1,2";
			};
			name = Release;
		};
/* End XCBuildConfiguration section */

/* Begin XCConfigurationList section */
		D7EB32FC2A01A58000D842B3 /* Build configuration list for PBXProject "BudgetBuddy" */ = {
			isa = XCConfigurationList;
			buildConfigurations = (
				D7EB33122A01A58100D842B3 /* Debug */,
				D7EB33132A01A58100D842B3 /* Release */,
			);
			defaultConfigurationIsVisible = 0;
			defaultConfigurationName = Release;
		};
		D7EB33142A01A58100D842B3 /* Build configuration list for PBXNativeTarget "BudgetBuddy" */ = {
			isa = XCConfigurationList;
			buildConfigurations = (
				D7EB33152A01A58100D842B3 /* Debug */,
				D7EB33162A01A58100D842B3 /* Release */,
			);
			defaultConfigurationIsVisible = 0;
			defaultConfigurationName = Release;
		};
/* End XCConfigurationList section */

/* Begin XCVersionGroup section */
		D7EB330F2A01A58100D842B3 /* BudgetBuddy.xcdatamodeld */ = {
			isa = XCVersionGroup;
			children = (
				D7EB33102A01A58100D842B3 /* BudgetBuddy.xcdatamodel */,
			);
			currentVersion = D7EB33102A01A58100D842B3 /* BudgetBuddy.xcdatamodel */;
			path = BudgetBuddy.xcdatamodeld;
			sourceTree = "<group>";
			versionGroupType = wrapper.xcdatamodel;
		};
/* End XCVersionGroup section */
	};
	rootObject = D7EB32F92A01A58000D842B3 /* Project object */;
}
